
Microsoft Visual Studio Solution File, Format Version 12.00
# Visual Studio Version 17
VisualStudioVersion = 17.5.33530.505
MinimumVisualStudioVersion = 10.0.40219.1
Project("{FAE04EC0-301F-11D3-BF4B-00C04F79EFBC}") = "Froont", "Froont\Froont.csproj", "{05521083-9034-4047-8974-F780F1BDBC97}"
EndProject
Project("{FAE04EC0-301F-11D3-BF4B-00C04F79EFBC}") = "Backk", "Bliobliotecadeclases\Backk.csproj", "{4821F9A4-506F-4426-AB98-CA9CF125D0A7}"
EndProject
Global
	GlobalSection(SolutionConfigurationPlatforms) = preSolution
		Debug|Any CPU = Debug|Any CPU
		Release|Any CPU = Release|Any CPU
	EndGlobalSection
	GlobalSection(ProjectConfigurationPlatforms) = postSolution
		{05521083-9034-4047-8974-F780F1BDBC97}.Debug|Any CPU.ActiveCfg = Debug|Any CPU
		{05521083-9034-4047-8974-F780F1BDBC97}.Debug|Any CPU.Build.0 = Debug|Any CPU
		{05521083-9034-4047-8974-F780F1BDBC97}.Release|Any CPU.ActiveCfg = Release|Any CPU
		{05521083-9034-4047-8974-F780F1BDBC97}.Release|Any CPU.Build.0 = Release|Any CPU
		{4821F9A4-506F-4426-AB98-CA9CF125D0A7}.Debug|Any CPU.ActiveCfg = Debug|Any CPU
		{4821F9A4-506F-4426-AB98-CA9CF125D0A7}.Debug|Any CPU.Build.0 = Debug|Any CPU
		{4821F9A4-506F-4426-AB98-CA9CF125D0A7}.Release|Any CPU.ActiveCfg = Release|Any CPU
		{4821F9A4-506F-4426-AB98-CA9CF125D0A7}.Release|Any CPU.Build.0 = Release|Any CPU
	EndGlobalSection
	GlobalSection(SolutionProperties) = preSolution
		HideSolutionNode = FALSE
	EndGlobalSection
	GlobalSection(ExtensibilityGlobals) = postSolution
		SolutionGuid = {6777E4BE-40A9-4A42-B3C4-B4C0EC5AD8AB}
	EndGlobalSection
EndGlobal
